
Microsoft Visual Studio Solution File, Format Version 12.00
Project("{FAE04EC0-301F-11D3-BF4B-00C04F79EFBC}") = "WebApp", "WebApp\WebApp.csproj", "{06FBA8DD-C595-461B-B99F-5C64D267A368}"
EndProject
Project("{FAE04EC0-301F-11D3-BF4B-00C04F79EFBC}") = "App.Domain", "App.Domain\App.Domain.csproj", "{EBB0CBC2-518C-44D6-BD4F-87D0F2A78C77}"
EndProject
Project("{2150E333-8FDC-42A3-9474-1A3956D46DE8}") = "Base", "Base", "{85A02ED3-491C-42D2-9440-3DB3EB91CA04}"
EndProject
Project("{FAE04EC0-301F-11D3-BF4B-00C04F79EFBC}") = "Contracts.DAL.Base", "Contracts.DAL.Base\Contracts.DAL.Base.csproj", "{BBC1BD0A-43D9-46CA-AF8B-DEC05370F3F6}"
EndProject
Project("{2150E333-8FDC-42A3-9474-1A3956D46DE8}") = "App", "App", "{3B87AC50-05AC-44FD-9490-965C8DD706A9}"
EndProject
Project("{FAE04EC0-301F-11D3-BF4B-00C04F79EFBC}") = "Contracts.DAL.Domain", "Contracts.DAL.Domain\Contracts.DAL.Domain.csproj", "{D229540B-B35D-4B68-AF39-63670ABA1B8B}"
EndProject
Project("{FAE04EC0-301F-11D3-BF4B-00C04F79EFBC}") = "Domain.Base", "Domain.Base\Domain.Base.csproj", "{956A8979-33C4-4756-823D-9DECD5E9B115}"
EndProject
Project("{FAE04EC0-301F-11D3-BF4B-00C04F79EFBC}") = "DAL.Base.EF", "DAL.Base.EF\DAL.Base.EF.csproj", "{EEB74224-4E66-46B5-9F3A-AB32B8ED485C}"
EndProject
Project("{FAE04EC0-301F-11D3-BF4B-00C04F79EFBC}") = "DAL.App.EF", "DAL.App.EF\DAL.App.EF.csproj", "{D5115CBD-2FE4-46D9-8004-887B57ABCA44}"
EndProject
Project("{FAE04EC0-301F-11D3-BF4B-00C04F79EFBC}") = "Contracts.DAL.App", "Contracts.DAL.App\Contracts.DAL.App.csproj", "{E9640B2A-F924-40B9-9C5F-6649D8B48D1D}"
EndProject
Project("{FAE04EC0-301F-11D3-BF4B-00C04F79EFBC}") = "Graph", "Graph\Graph.csproj", "{6B641287-6AEB-42B4-95DA-D08992CD53B4}"
EndProject
Project("{FAE04EC0-301F-11D3-BF4B-00C04F79EFBC}") = "Services", "Services\Services.csproj", "{BBFD5F95-4770-46A2-BCB5-E841254ED72F}"
EndProject
Project("{FAE04EC0-301F-11D3-BF4B-00C04F79EFBC}") = "PublicApiDTO", "PublicApiDTO\PublicApiDTO.csproj", "{1176D358-7788-4D41-893A-161C1760A112}"
EndProject
Project("{FAE04EC0-301F-11D3-BF4B-00C04F79EFBC}") = "Utils", "Utils\Utils.csproj", "{D064FC43-35AD-4F29-B6F2-5039287755A9}"
EndProject
Global
	GlobalSection(SolutionConfigurationPlatforms) = preSolution
		Debug|Any CPU = Debug|Any CPU
		Release|Any CPU = Release|Any CPU
	EndGlobalSection
	GlobalSection(ProjectConfigurationPlatforms) = postSolution
		{06FBA8DD-C595-461B-B99F-5C64D267A368}.Debug|Any CPU.ActiveCfg = Debug|Any CPU
		{06FBA8DD-C595-461B-B99F-5C64D267A368}.Debug|Any CPU.Build.0 = Debug|Any CPU
		{06FBA8DD-C595-461B-B99F-5C64D267A368}.Release|Any CPU.ActiveCfg = Release|Any CPU
		{06FBA8DD-C595-461B-B99F-5C64D267A368}.Release|Any CPU.Build.0 = Release|Any CPU
		{EBB0CBC2-518C-44D6-BD4F-87D0F2A78C77}.Debug|Any CPU.ActiveCfg = Debug|Any CPU
		{EBB0CBC2-518C-44D6-BD4F-87D0F2A78C77}.Debug|Any CPU.Build.0 = Debug|Any CPU
		{EBB0CBC2-518C-44D6-BD4F-87D0F2A78C77}.Release|Any CPU.ActiveCfg = Release|Any CPU
		{EBB0CBC2-518C-44D6-BD4F-87D0F2A78C77}.Release|Any CPU.Build.0 = Release|Any CPU
		{BBC1BD0A-43D9-46CA-AF8B-DEC05370F3F6}.Debug|Any CPU.ActiveCfg = Debug|Any CPU
		{BBC1BD0A-43D9-46CA-AF8B-DEC05370F3F6}.Debug|Any CPU.Build.0 = Debug|Any CPU
		{BBC1BD0A-43D9-46CA-AF8B-DEC05370F3F6}.Release|Any CPU.ActiveCfg = Release|Any CPU
		{BBC1BD0A-43D9-46CA-AF8B-DEC05370F3F6}.Release|Any CPU.Build.0 = Release|Any CPU
		{D229540B-B35D-4B68-AF39-63670ABA1B8B}.Debug|Any CPU.ActiveCfg = Debug|Any CPU
		{D229540B-B35D-4B68-AF39-63670ABA1B8B}.Debug|Any CPU.Build.0 = Debug|Any CPU
		{D229540B-B35D-4B68-AF39-63670ABA1B8B}.Release|Any CPU.ActiveCfg = Release|Any CPU
		{D229540B-B35D-4B68-AF39-63670ABA1B8B}.Release|Any CPU.Build.0 = Release|Any CPU
		{956A8979-33C4-4756-823D-9DECD5E9B115}.Debug|Any CPU.ActiveCfg = Debug|Any CPU
		{956A8979-33C4-4756-823D-9DECD5E9B115}.Debug|Any CPU.Build.0 = Debug|Any CPU
		{956A8979-33C4-4756-823D-9DECD5E9B115}.Release|Any CPU.ActiveCfg = Release|Any CPU
		{956A8979-33C4-4756-823D-9DECD5E9B115}.Release|Any CPU.Build.0 = Release|Any CPU
		{EEB74224-4E66-46B5-9F3A-AB32B8ED485C}.Debug|Any CPU.ActiveCfg = Debug|Any CPU
		{EEB74224-4E66-46B5-9F3A-AB32B8ED485C}.Debug|Any CPU.Build.0 = Debug|Any CPU
		{EEB74224-4E66-46B5-9F3A-AB32B8ED485C}.Release|Any CPU.ActiveCfg = Release|Any CPU
		{EEB74224-4E66-46B5-9F3A-AB32B8ED485C}.Release|Any CPU.Build.0 = Release|Any CPU
		{D5115CBD-2FE4-46D9-8004-887B57ABCA44}.Debug|Any CPU.ActiveCfg = Debug|Any CPU
		{D5115CBD-2FE4-46D9-8004-887B57ABCA44}.Debug|Any CPU.Build.0 = Debug|Any CPU
		{D5115CBD-2FE4-46D9-8004-887B57ABCA44}.Release|Any CPU.ActiveCfg = Release|Any CPU
		{D5115CBD-2FE4-46D9-8004-887B57ABCA44}.Release|Any CPU.Build.0 = Release|Any CPU
		{E9640B2A-F924-40B9-9C5F-6649D8B48D1D}.Debug|Any CPU.ActiveCfg = Debug|Any CPU
		{E9640B2A-F924-40B9-9C5F-6649D8B48D1D}.Debug|Any CPU.Build.0 = Debug|Any CPU
		{E9640B2A-F924-40B9-9C5F-6649D8B48D1D}.Release|Any CPU.ActiveCfg = Release|Any CPU
		{E9640B2A-F924-40B9-9C5F-6649D8B48D1D}.Release|Any CPU.Build.0 = Release|Any CPU
		{6B641287-6AEB-42B4-95DA-D08992CD53B4}.Debug|Any CPU.ActiveCfg = Debug|Any CPU
		{6B641287-6AEB-42B4-95DA-D08992CD53B4}.Debug|Any CPU.Build.0 = Debug|Any CPU
		{6B641287-6AEB-42B4-95DA-D08992CD53B4}.Release|Any CPU.ActiveCfg = Release|Any CPU
		{6B641287-6AEB-42B4-95DA-D08992CD53B4}.Release|Any CPU.Build.0 = Release|Any CPU
		{BBFD5F95-4770-46A2-BCB5-E841254ED72F}.Debug|Any CPU.ActiveCfg = Debug|Any CPU
		{BBFD5F95-4770-46A2-BCB5-E841254ED72F}.Debug|Any CPU.Build.0 = Debug|Any CPU
		{BBFD5F95-4770-46A2-BCB5-E841254ED72F}.Release|Any CPU.ActiveCfg = Release|Any CPU
		{BBFD5F95-4770-46A2-BCB5-E841254ED72F}.Release|Any CPU.Build.0 = Release|Any CPU
		{1176D358-7788-4D41-893A-161C1760A112}.Debug|Any CPU.ActiveCfg = Debug|Any CPU
		{1176D358-7788-4D41-893A-161C1760A112}.Debug|Any CPU.Build.0 = Debug|Any CPU
		{1176D358-7788-4D41-893A-161C1760A112}.Release|Any CPU.ActiveCfg = Release|Any CPU
		{1176D358-7788-4D41-893A-161C1760A112}.Release|Any CPU.Build.0 = Release|Any CPU
		{D064FC43-35AD-4F29-B6F2-5039287755A9}.Debug|Any CPU.ActiveCfg = Debug|Any CPU
		{D064FC43-35AD-4F29-B6F2-5039287755A9}.Debug|Any CPU.Build.0 = Debug|Any CPU
		{D064FC43-35AD-4F29-B6F2-5039287755A9}.Release|Any CPU.ActiveCfg = Release|Any CPU
		{D064FC43-35AD-4F29-B6F2-5039287755A9}.Release|Any CPU.Build.0 = Release|Any CPU
	EndGlobalSection
	GlobalSection(NestedProjects) = preSolution
		{BBC1BD0A-43D9-46CA-AF8B-DEC05370F3F6} = {85A02ED3-491C-42D2-9440-3DB3EB91CA04}
		{EBB0CBC2-518C-44D6-BD4F-87D0F2A78C77} = {3B87AC50-05AC-44FD-9490-965C8DD706A9}
		{06FBA8DD-C595-461B-B99F-5C64D267A368} = {3B87AC50-05AC-44FD-9490-965C8DD706A9}
		{D229540B-B35D-4B68-AF39-63670ABA1B8B} = {85A02ED3-491C-42D2-9440-3DB3EB91CA04}
		{956A8979-33C4-4756-823D-9DECD5E9B115} = {85A02ED3-491C-42D2-9440-3DB3EB91CA04}
		{EEB74224-4E66-46B5-9F3A-AB32B8ED485C} = {85A02ED3-491C-42D2-9440-3DB3EB91CA04}
		{D5115CBD-2FE4-46D9-8004-887B57ABCA44} = {3B87AC50-05AC-44FD-9490-965C8DD706A9}
		{E9640B2A-F924-40B9-9C5F-6649D8B48D1D} = {3B87AC50-05AC-44FD-9490-965C8DD706A9}
		{6B641287-6AEB-42B4-95DA-D08992CD53B4} = {85A02ED3-491C-42D2-9440-3DB3EB91CA04}
		{BBFD5F95-4770-46A2-BCB5-E841254ED72F} = {3B87AC50-05AC-44FD-9490-965C8DD706A9}
		{1176D358-7788-4D41-893A-161C1760A112} = {3B87AC50-05AC-44FD-9490-965C8DD706A9}
		{D064FC43-35AD-4F29-B6F2-5039287755A9} = {85A02ED3-491C-42D2-9440-3DB3EB91CA04}
	EndGlobalSection
EndGlobal
